Microsoft Visual Studio Solution File, Format Version 12.00
# Visual Studio 15
VisualStudioVersion = 15.0.26730.3
MinimumVisualStudioVersion = 10.0.40219.1
Project("{9A19103F-16F7-4668-BE54-9A1E7A4F7556}") = "NServiceBus.Callbacks", "NServiceBus.Callbacks\NServiceBus.Callbacks.csproj", "{B465A2EF-27A9-402B-BAC7-A660BE93C931}"
EndProject
Project("{9A19103F-16F7-4668-BE54-9A1E7A4F7556}") = "NServiceBus.Callbacks.AcceptanceTests", "NServiceBus.Callbacks.AcceptanceTests\NServiceBus.Callbacks.AcceptanceTests.csproj", "{43A533C4-AAEF-449C-A1C9-4BF00EB063BE}"
EndProject
Project("{9A19103F-16F7-4668-BE54-9A1E7A4F7556}") = "NServiceBus.Callbacks.Tests", "NServiceBus.Callbacks.Tests\NServiceBus.Callbacks.Tests.csproj", "{AE0CB75D-1052-4715-97A0-0099B36BD597}"
EndProject
Project("{9A19103F-16F7-4668-BE54-9A1E7A4F7556}") = "NServiceBus.Callbacks.Testing", "NServiceBus.Callbacks.Testing\NServiceBus.Callbacks.Testing.csproj", "{1A547350-AEAA-46A1-9FCD-A10BC4FAFBA3}"
EndProject
Project("{9A19103F-16F7-4668-BE54-9A1E7A4F7556}") = "NServiceBus.Callback.Testing.Tests", "NServiceBus.Callback.Testing.Tests\NServiceBus.Callback.Testing.Tests.csproj", "{D5BBDC24-229F-41DC-828F-D2DE97FFC6B6}"
EndProject
Project("{2150E333-8FDC-42A3-9474-1A3956D46DE8}") = "Solution Items", "Solution Items", "{839AF52F-46FA-4284-8199-F097A95C8F21}"
	ProjectSection(SolutionItems) = preProject
		Directory.Build.props = Directory.Build.props
		Directory.Build.targets = Directory.Build.targets
		..\GitVersion.yml = ..\GitVersion.yml
	EndProjectSection
EndProject
Global
	GlobalSection(SolutionConfigurationPlatforms) = preSolution
		Debug|Any CPU = Debug|Any CPU
		Debug|Mixed Platforms = Debug|Mixed Platforms
		Debug|x86 = Debug|x86
		Release|Any CPU = Release|Any CPU
		Release|Mixed Platforms = Release|Mixed Platforms
		Release|x86 = Release|x86
	EndGlobalSection
	GlobalSection(ProjectConfigurationPlatforms) = postSolution
		{B465A2EF-27A9-402B-BAC7-A660BE93C931}.Debug|Any CPU.ActiveCfg = Debug|Any CPU
		{B465A2EF-27A9-402B-BAC7-A660BE93C931}.Debug|Any CPU.Build.0 = Debug|Any CPU
		{B465A2EF-27A9-402B-BAC7-A660BE93C931}.Debug|Mixed Platforms.ActiveCfg = Debug|Any CPU
		{B465A2EF-27A9-402B-BAC7-A660BE93C931}.Debug|Mixed Platforms.Build.0 = Debug|Any CPU
		{B465A2EF-27A9-402B-BAC7-A660BE93C931}.Debug|x86.ActiveCfg = Debug|Any CPU
		{B465A2EF-27A9-402B-BAC7-A660BE93C931}.Release|Any CPU.ActiveCfg = Release|Any CPU
		{B465A2EF-27A9-402B-BAC7-A660BE93C931}.Release|Any CPU.Build.0 = Release|Any CPU
		{B465A2EF-27A9-402B-BAC7-A660BE93C931}.Release|Mixed Platforms.ActiveCfg = Release|Any CPU
		{B465A2EF-27A9-402B-BAC7-A660BE93C931}.Release|Mixed Platforms.Build.0 = Release|Any CPU
		{B465A2EF-27A9-402B-BAC7-A660BE93C931}.Release|x86.ActiveCfg = Release|Any CPU
		{43A533C4-AAEF-449C-A1C9-4BF00EB063BE}.Debug|Any CPU.ActiveCfg = Debug|Any CPU
		{43A533C4-AAEF-449C-A1C9-4BF00EB063BE}.Debug|Any CPU.Build.0 = Debug|Any CPU
		{43A533C4-AAEF-449C-A1C9-4BF00EB063BE}.Debug|Mixed Platforms.ActiveCfg = Debug|Any CPU
		{43A533C4-AAEF-449C-A1C9-4BF00EB063BE}.Debug|Mixed Platforms.Build.0 = Debug|Any CPU
		{43A533C4-AAEF-449C-A1C9-4BF00EB063BE}.Debug|x86.ActiveCfg = Debug|Any CPU
		{43A533C4-AAEF-449C-A1C9-4BF00EB063BE}.Release|Any CPU.ActiveCfg = Release|Any CPU
		{43A533C4-AAEF-449C-A1C9-4BF00EB063BE}.Release|Any CPU.Build.0 = Release|Any CPU
		{43A533C4-AAEF-449C-A1C9-4BF00EB063BE}.Release|Mixed Platforms.ActiveCfg = Release|Any CPU
		{43A533C4-AAEF-449C-A1C9-4BF00EB063BE}.Release|Mixed Platforms.Build.0 = Release|Any CPU
		{43A533C4-AAEF-449C-A1C9-4BF00EB063BE}.Release|x86.ActiveCfg = Release|Any CPU
		{AE0CB75D-1052-4715-97A0-0099B36BD597}.Debug|Any CPU.ActiveCfg = Debug|Any CPU
		{AE0CB75D-1052-4715-97A0-0099B36BD597}.Debug|Any CPU.Build.0 = Debug|Any CPU
		{AE0CB75D-1052-4715-97A0-0099B36BD597}.Debug|Mixed Platforms.ActiveCfg = Debug|Any CPU
		{AE0CB75D-1052-4715-97A0-0099B36BD597}.Debug|Mixed Platforms.Build.0 = Debug|Any CPU
		{AE0CB75D-1052-4715-97A0-0099B36BD597}.Debug|x86.ActiveCfg = Debug|Any CPU
		{AE0CB75D-1052-4715-97A0-0099B36BD597}.Release|Any CPU.ActiveCfg = Release|Any CPU
		{AE0CB75D-1052-4715-97A0-0099B36BD597}.Release|Any CPU.Build.0 = Release|Any CPU
		{AE0CB75D-1052-4715-97A0-0099B36BD597}.Release|Mixed Platforms.ActiveCfg = Release|Any CPU
		{AE0CB75D-1052-4715-97A0-0099B36BD597}.Release|Mixed Platforms.Build.0 = Release|Any CPU
		{AE0CB75D-1052-4715-97A0-0099B36BD597}.Release|x86.ActiveCfg = Release|Any CPU
		{1A547350-AEAA-46A1-9FCD-A10BC4FAFBA3}.Debug|Any CPU.ActiveCfg = Debug|Any CPU
		{1A547350-AEAA-46A1-9FCD-A10BC4FAFBA3}.Debug|Any CPU.Build.0 = Debug|Any CPU
		{1A547350-AEAA-46A1-9FCD-A10BC4FAFBA3}.Debug|Mixed Platforms.ActiveCfg = Debug|Any CPU
		{1A547350-AEAA-46A1-9FCD-A10BC4FAFBA3}.Debug|Mixed Platforms.Build.0 = Debug|Any CPU
		{1A547350-AEAA-46A1-9FCD-A10BC4FAFBA3}.Debug|x86.ActiveCfg = Debug|Any CPU
		{1A547350-AEAA-46A1-9FCD-A10BC4FAFBA3}.Debug|x86.Build.0 = Debug|Any CPU
		{1A547350-AEAA-46A1-9FCD-A10BC4FAFBA3}.Release|Any CPU.ActiveCfg = Release|Any CPU
		{1A547350-AEAA-46A1-9FCD-A10BC4FAFBA3}.Release|Any CPU.Build.0 = Release|Any CPU
		{1A547350-AEAA-46A1-9FCD-A10BC4FAFBA3}.Release|Mixed Platforms.ActiveCfg = Release|Any CPU
		{1A547350-AEAA-46A1-9FCD-A10BC4FAFBA3}.Release|Mixed Platforms.Build.0 = Release|Any CPU
		{1A547350-AEAA-46A1-9FCD-A10BC4FAFBA3}.Release|x86.ActiveCfg = Release|Any CPU
		{1A547350-AEAA-46A1-9FCD-A10BC4FAFBA3}.Release|x86.Build.0 = Release|Any CPU
		{D5BBDC24-229F-41DC-828F-D2DE97FFC6B6}.Debug|Any CPU.ActiveCfg = Debug|Any CPU
		{D5BBDC24-229F-41DC-828F-D2DE97FFC6B6}.Debug|Any CPU.Build.0 = Debug|Any CPU
		{D5BBDC24-229F-41DC-828F-D2DE97FFC6B6}.Debug|Mixed Platforms.ActiveCfg = Debug|Any CPU
		{D5BBDC24-229F-41DC-828F-D2DE97FFC6B6}.Debug|Mixed Platforms.Build.0 = Debug|Any CPU
		{D5BBDC24-229F-41DC-828F-D2DE97FFC6B6}.Debug|x86.ActiveCfg = Debug|Any CPU
		{D5BBDC24-229F-41DC-828F-D2DE97FFC6B6}.Debug|x86.Build.0 = Debug|Any CPU
		{D5BBDC24-229F-41DC-828F-D2DE97FFC6B6}.Release|Any CPU.ActiveCfg = Release|Any CPU
		{D5BBDC24-229F-41DC-828F-D2DE97FFC6B6}.Release|Any CPU.Build.0 = Release|Any CPU
		{D5BBDC24-229F-41DC-828F-D2DE97FFC6B6}.Release|Mixed Platforms.ActiveCfg = Release|Any CPU
		{D5BBDC24-229F-41DC-828F-D2DE97FFC6B6}.Release|Mixed Platforms.Build.0 = Release|Any CPU
		{D5BBDC24-229F-41DC-828F-D2DE97FFC6B6}.Release|x86.ActiveCfg = Release|Any CPU
		{D5BBDC24-229F-41DC-828F-D2DE97FFC6B6}.Release|x86.Build.0 = Release|Any CPU
	EndGlobalSection
	GlobalSection(SolutionProperties) = preSolution
		HideSolutionNode = FALSE
	EndGlobalSection
	GlobalSection(ExtensibilityGlobals) = postSolution
		SolutionGuid = {6CBB4D3F-46BC-44FA-BA93-45785CE9D9CD}
	EndGlobalSection
EndGlobal
