Microsoft Visual Studio Solution File, Format Version 12.00
# Visual Studio 2013
VisualStudioVersion = 12.0.31101.0
MinimumVisualStudioVersion = 10.0.40219.1
Project("{FAE04EC0-301F-11D3-BF4B-00C04F79EFBC}") = "NServiceBus.Callbacks", "NServiceBus.Callbacks\NServiceBus.Callbacks.csproj", "{B465A2EF-27A9-402B-BAC7-A660BE93C931}"
EndProject
Project("{FAE04EC0-301F-11D3-BF4B-00C04F79EFBC}") = "NServiceBus.Callbacks.AcceptanceTests", "NServiceBus.Callbacks.AcceptanceTests\NServiceBus.Callbacks.AcceptanceTests.csproj", "{43A533C4-AAEF-449C-A1C9-4BF00EB063BE}"
EndProject
Project("{FAE04EC0-301F-11D3-BF4B-00C04F79EFBC}") = "NServiceBus.Callbacks.Tests", "NServiceBus.Callbacks.Tests\NServiceBus.Callbacks.Tests.csproj", "{AE0CB75D-1052-4715-97A0-0099B36BD597}"
EndProject
Global
	GlobalSection(SolutionConfigurationPlatforms) = preSolution
		Debug|Any CPU = Debug|Any CPU
		Debug|Mixed Platforms = Debug|Mixed Platforms
		Debug|x86 = Debug|x86
		Release|Any CPU = Release|Any CPU
		Release|Mixed Platforms = Release|Mixed Platforms
		Release|x86 = Release|x86
	EndGlobalSection
	GlobalSection(ProjectConfigurationPlatforms) = postSolution
		{B465A2EF-27A9-402B-BAC7-A660BE93C931}.Debug|Any CPU.ActiveCfg = Debug|Any CPU
		{B465A2EF-27A9-402B-BAC7-A660BE93C931}.Debug|Any CPU.Build.0 = Debug|Any CPU
		{B465A2EF-27A9-402B-BAC7-A660BE93C931}.Debug|Mixed Platforms.ActiveCfg = Debug|Any CPU
		{B465A2EF-27A9-402B-BAC7-A660BE93C931}.Debug|Mixed Platforms.Build.0 = Debug|Any CPU
		{B465A2EF-27A9-402B-BAC7-A660BE93C931}.Debug|x86.ActiveCfg = Debug|Any CPU
		{B465A2EF-27A9-402B-BAC7-A660BE93C931}.Release|Any CPU.ActiveCfg = Release|Any CPU
		{B465A2EF-27A9-402B-BAC7-A660BE93C931}.Release|Any CPU.Build.0 = Release|Any CPU
		{B465A2EF-27A9-402B-BAC7-A660BE93C931}.Release|Mixed Platforms.ActiveCfg = Release|Any CPU
		{B465A2EF-27A9-402B-BAC7-A660BE93C931}.Release|Mixed Platforms.Build.0 = Release|Any CPU
		{B465A2EF-27A9-402B-BAC7-A660BE93C931}.Release|x86.ActiveCfg = Release|Any CPU
		{43A533C4-AAEF-449C-A1C9-4BF00EB063BE}.Debug|Any CPU.ActiveCfg = Debug|Any CPU
		{43A533C4-AAEF-449C-A1C9-4BF00EB063BE}.Debug|Any CPU.Build.0 = Debug|Any CPU
		{43A533C4-AAEF-449C-A1C9-4BF00EB063BE}.Debug|Mixed Platforms.ActiveCfg = Debug|Any CPU
		{43A533C4-AAEF-449C-A1C9-4BF00EB063BE}.Debug|Mixed Platforms.Build.0 = Debug|Any CPU
		{43A533C4-AAEF-449C-A1C9-4BF00EB063BE}.Debug|x86.ActiveCfg = Debug|Any CPU
		{43A533C4-AAEF-449C-A1C9-4BF00EB063BE}.Release|Any CPU.ActiveCfg = Release|Any CPU
		{43A533C4-AAEF-449C-A1C9-4BF00EB063BE}.Release|Any CPU.Build.0 = Release|Any CPU
		{43A533C4-AAEF-449C-A1C9-4BF00EB063BE}.Release|Mixed Platforms.ActiveCfg = Release|Any CPU
		{43A533C4-AAEF-449C-A1C9-4BF00EB063BE}.Release|Mixed Platforms.Build.0 = Release|Any CPU
		{43A533C4-AAEF-449C-A1C9-4BF00EB063BE}.Release|x86.ActiveCfg = Release|Any CPU
		{AE0CB75D-1052-4715-97A0-0099B36BD597}.Debug|Any CPU.ActiveCfg = Debug|Any CPU
		{AE0CB75D-1052-4715-97A0-0099B36BD597}.Debug|Any CPU.Build.0 = Debug|Any CPU
		{AE0CB75D-1052-4715-97A0-0099B36BD597}.Debug|Mixed Platforms.ActiveCfg = Debug|Any CPU
		{AE0CB75D-1052-4715-97A0-0099B36BD597}.Debug|Mixed Platforms.Build.0 = Debug|Any CPU
		{AE0CB75D-1052-4715-97A0-0099B36BD597}.Debug|x86.ActiveCfg = Debug|Any CPU
		{AE0CB75D-1052-4715-97A0-0099B36BD597}.Release|Any CPU.ActiveCfg = Release|Any CPU
		{AE0CB75D-1052-4715-97A0-0099B36BD597}.Release|Any CPU.Build.0 = Release|Any CPU
		{AE0CB75D-1052-4715-97A0-0099B36BD597}.Release|Mixed Platforms.ActiveCfg = Release|Any CPU
		{AE0CB75D-1052-4715-97A0-0099B36BD597}.Release|Mixed Platforms.Build.0 = Release|Any CPU
		{AE0CB75D-1052-4715-97A0-0099B36BD597}.Release|x86.ActiveCfg = Release|Any CPU
	EndGlobalSection
	GlobalSection(SolutionProperties) = preSolution
		HideSolutionNode = FALSE
	EndGlobalSection
EndGlobal
